
Microsoft Visual Studio Solution File, Format Version 12.00
# Visual Studio 15
VisualStudioVersion = 15.0.28307.168
MinimumVisualStudioVersion = 10.0.40219.1
Project("{FAE04EC0-301F-11D3-BF4B-00C04F79EFBC}") = "ProperArch01.Domain", "ProperArch01.Domain\ProperArch01.Domain.csproj", "{0D265367-1F4D-4289-8300-0B132BBB4AE5}"
EndProject
Project("{FAE04EC0-301F-11D3-BF4B-00C04F79EFBC}") = "ProperArch01.Persistence", "ProperArch01.Persistence\ProperArch01.Persistence.csproj", "{231423FB-B5F4-4B3B-AD4E-5905DDEB8CCC}"
EndProject
Project("{FAE04EC0-301F-11D3-BF4B-00C04F79EFBC}") = "ProperArch01.Contracts", "ProperArch01.Contracts\ProperArch01.Contracts.csproj", "{6E694958-0D89-4E60-9869-F292A2744D62}"
EndProject
Project("{FAE04EC0-301F-11D3-BF4B-00C04F79EFBC}") = "ProperArch01.WebApp", "ProperArch01.WebApp\ProperArch01.WebApp.csproj", "{4CE42534-7126-42E4-AED9-74404DE118B0}"
EndProject
Project("{FAE04EC0-301F-11D3-BF4B-00C04F79EFBC}") = "ProperArch01.Mappings", "ProperArch01.Mappings\ProperArch01.Mappings.csproj", "{C2372CEF-4DD2-4E52-91FF-87D24576F603}"
EndProject
Global
	GlobalSection(SolutionConfigurationPlatforms) = preSolution
		Debug|Any CPU = Debug|Any CPU
		Release|Any CPU = Release|Any CPU
	EndGlobalSection
	GlobalSection(ProjectConfigurationPlatforms) = postSolution
		{0D265367-1F4D-4289-8300-0B132BBB4AE5}.Debug|Any CPU.ActiveCfg = Debug|Any CPU
		{0D265367-1F4D-4289-8300-0B132BBB4AE5}.Debug|Any CPU.Build.0 = Debug|Any CPU
		{0D265367-1F4D-4289-8300-0B132BBB4AE5}.Release|Any CPU.ActiveCfg = Release|Any CPU
		{0D265367-1F4D-4289-8300-0B132BBB4AE5}.Release|Any CPU.Build.0 = Release|Any CPU
		{231423FB-B5F4-4B3B-AD4E-5905DDEB8CCC}.Debug|Any CPU.ActiveCfg = Debug|Any CPU
		{231423FB-B5F4-4B3B-AD4E-5905DDEB8CCC}.Debug|Any CPU.Build.0 = Debug|Any CPU
		{231423FB-B5F4-4B3B-AD4E-5905DDEB8CCC}.Release|Any CPU.ActiveCfg = Release|Any CPU
		{231423FB-B5F4-4B3B-AD4E-5905DDEB8CCC}.Release|Any CPU.Build.0 = Release|Any CPU
		{6E694958-0D89-4E60-9869-F292A2744D62}.Debug|Any CPU.ActiveCfg = Debug|Any CPU
		{6E694958-0D89-4E60-9869-F292A2744D62}.Debug|Any CPU.Build.0 = Debug|Any CPU
		{6E694958-0D89-4E60-9869-F292A2744D62}.Release|Any CPU.ActiveCfg = Release|Any CPU
		{6E694958-0D89-4E60-9869-F292A2744D62}.Release|Any CPU.Build.0 = Release|Any CPU
		{4CE42534-7126-42E4-AED9-74404DE118B0}.Debug|Any CPU.ActiveCfg = Debug|Any CPU
		{4CE42534-7126-42E4-AED9-74404DE118B0}.Debug|Any CPU.Build.0 = Debug|Any CPU
		{4CE42534-7126-42E4-AED9-74404DE118B0}.Release|Any CPU.ActiveCfg = Release|Any CPU
		{4CE42534-7126-42E4-AED9-74404DE118B0}.Release|Any CPU.Build.0 = Release|Any CPU
		{C2372CEF-4DD2-4E52-91FF-87D24576F603}.Debug|Any CPU.ActiveCfg = Debug|Any CPU
		{C2372CEF-4DD2-4E52-91FF-87D24576F603}.Debug|Any CPU.Build.0 = Debug|Any CPU
		{C2372CEF-4DD2-4E52-91FF-87D24576F603}.Release|Any CPU.ActiveCfg = Release|Any CPU
		{C2372CEF-4DD2-4E52-91FF-87D24576F603}.Release|Any CPU.Build.0 = Release|Any CPU
	EndGlobalSection
	GlobalSection(SolutionProperties) = preSolution
		HideSolutionNode = FALSE
	EndGlobalSection
	GlobalSection(ExtensibilityGlobals) = postSolution
		SolutionGuid = {B7A55279-60FB-4D3D-B6B3-044030820D2C}
	EndGlobalSection
EndGlobal
